
Microsoft Visual Studio Solution File, Format Version 12.00
# Visual Studio 15
VisualStudioVersion = 15.0.27004.2008
MinimumVisualStudioVersion = 10.0.40219.1
Project("{8BC9CEB8-8B4A-11D0-8D11-00A0C91BC942}") = "Server", "Server\Server.vcxproj", "{EB4737B6-AB6C-401D-913D-F8395CE0462B}"
EndProject
Project("{8BC9CEB8-8B4A-11D0-8D11-00A0C91BC942}") = "Publisher", "Publisher\Publisher.vcxproj", "{23DB7865-E86C-4C04-AB02-E0C1B1287C8D}"
EndProject
Project("{8BC9CEB8-8B4A-11D0-8D11-00A0C91BC942}") = "Subscriber", "Subscriber\Subscriber.vcxproj", "{BA7B20C1-67F3-4472-B96A-54DB7A9B6B1E}"
EndProject
Project("{8BC9CEB8-8B4A-11D0-8D11-00A0C91BC942}") = "LibPubSub", "LibPubSub\LibPubSub.vcxproj", "{3AEA7F68-C23D-4437-B131-9F05A2430C01}"
EndProject
Global
	GlobalSection(SolutionConfigurationPlatforms) = preSolution
		Debug|x64 = Debug|x64
		Debug|x86 = Debug|x86
		Release|x64 = Release|x64
		Release|x86 = Release|x86
	EndGlobalSection
	GlobalSection(ProjectConfigurationPlatforms) = postSolution
		{EB4737B6-AB6C-401D-913D-F8395CE0462B}.Debug|x64.ActiveCfg = Debug|x64
		{EB4737B6-AB6C-401D-913D-F8395CE0462B}.Debug|x64.Build.0 = Debug|x64
		{EB4737B6-AB6C-401D-913D-F8395CE0462B}.Debug|x86.ActiveCfg = Debug|Win32
		{EB4737B6-AB6C-401D-913D-F8395CE0462B}.Debug|x86.Build.0 = Debug|Win32
		{EB4737B6-AB6C-401D-913D-F8395CE0462B}.Release|x64.ActiveCfg = Release|x64
		{EB4737B6-AB6C-401D-913D-F8395CE0462B}.Release|x64.Build.0 = Release|x64
		{EB4737B6-AB6C-401D-913D-F8395CE0462B}.Release|x86.ActiveCfg = Release|Win32
		{EB4737B6-AB6C-401D-913D-F8395CE0462B}.Release|x86.Build.0 = Release|Win32
		{23DB7865-E86C-4C04-AB02-E0C1B1287C8D}.Debug|x64.ActiveCfg = Debug|x64
		{23DB7865-E86C-4C04-AB02-E0C1B1287C8D}.Debug|x64.Build.0 = Debug|x64
		{23DB7865-E86C-4C04-AB02-E0C1B1287C8D}.Debug|x86.ActiveCfg = Debug|Win32
		{23DB7865-E86C-4C04-AB02-E0C1B1287C8D}.Debug|x86.Build.0 = Debug|Win32
		{23DB7865-E86C-4C04-AB02-E0C1B1287C8D}.Release|x64.ActiveCfg = Release|x64
		{23DB7865-E86C-4C04-AB02-E0C1B1287C8D}.Release|x64.Build.0 = Release|x64
		{23DB7865-E86C-4C04-AB02-E0C1B1287C8D}.Release|x86.ActiveCfg = Release|Win32
		{23DB7865-E86C-4C04-AB02-E0C1B1287C8D}.Release|x86.Build.0 = Release|Win32
		{BA7B20C1-67F3-4472-B96A-54DB7A9B6B1E}.Debug|x64.ActiveCfg = Debug|x64
		{BA7B20C1-67F3-4472-B96A-54DB7A9B6B1E}.Debug|x64.Build.0 = Debug|x64
		{BA7B20C1-67F3-4472-B96A-54DB7A9B6B1E}.Debug|x86.ActiveCfg = Debug|Win32
		{BA7B20C1-67F3-4472-B96A-54DB7A9B6B1E}.Debug|x86.Build.0 = Debug|Win32
		{BA7B20C1-67F3-4472-B96A-54DB7A9B6B1E}.Release|x64.ActiveCfg = Release|x64
		{BA7B20C1-67F3-4472-B96A-54DB7A9B6B1E}.Release|x64.Build.0 = Release|x64
		{BA7B20C1-67F3-4472-B96A-54DB7A9B6B1E}.Release|x86.ActiveCfg = Release|Win32
		{BA7B20C1-67F3-4472-B96A-54DB7A9B6B1E}.Release|x86.Build.0 = Release|Win32
		{3AEA7F68-C23D-4437-B131-9F05A2430C01}.Debug|x64.ActiveCfg = Debug|x64
		{3AEA7F68-C23D-4437-B131-9F05A2430C01}.Debug|x64.Build.0 = Debug|x64
		{3AEA7F68-C23D-4437-B131-9F05A2430C01}.Debug|x86.ActiveCfg = Debug|Win32
		{3AEA7F68-C23D-4437-B131-9F05A2430C01}.Debug|x86.Build.0 = Debug|Win32
		{3AEA7F68-C23D-4437-B131-9F05A2430C01}.Release|x64.ActiveCfg = Release|x64
		{3AEA7F68-C23D-4437-B131-9F05A2430C01}.Release|x64.Build.0 = Release|x64
		{3AEA7F68-C23D-4437-B131-9F05A2430C01}.Release|x86.ActiveCfg = Release|Win32
		{3AEA7F68-C23D-4437-B131-9F05A2430C01}.Release|x86.Build.0 = Release|Win32
	EndGlobalSection
	GlobalSection(SolutionProperties) = preSolution
		HideSolutionNode = FALSE
	EndGlobalSection
	GlobalSection(ExtensibilityGlobals) = postSolution
		SolutionGuid = {3EC99B96-F2D1-4F1C-BEEE-7EBD84E753EA}
	EndGlobalSection
EndGlobal
