<?xml version="1.0" encoding="utf-8"?>
<Project ToolsVersion="4.0" xmlns="http://schemas.microsoft.com/developer/msbuild/2003">
  <ItemGroup>
    <ClInclude Include="..\src\master_server.h" />
    <ClInclude Include="..\src\asio.h" />
    <ClInclude Include="..\src\buffer.h" />
    <ClInclude Include="..\src\buffer_ptr.h" />
    <ClInclude Include="..\src\types.h" />
  </ItemGroup>
  <ItemGroup>
    <ClCompile Include="..\src\master_server.cc" />
    <ClCompile Include="..\src\buffer.cc" />
  </ItemGroup>
</Project>